
Microsoft Visual Studio Solution File, Format Version 12.00
# Visual Studio Version 16
VisualStudioVersion = 16.0.32630.194
MinimumVisualStudioVersion = 10.0.40219.1
Project("{2150E333-8FDC-42A3-9474-1A3956D46DE8}") = "src", "src", "{A1DC1E68-00B8-42F5-A895-0473D8076DCB}"
EndProject
Project("{2150E333-8FDC-42A3-9474-1A3956D46DE8}") = "services", "services", "{99584AE2-E0BD-4582-8287-BFD9C546AF39}"
EndProject
Project("{2150E333-8FDC-42A3-9474-1A3956D46DE8}") = "Users", "Users", "{57A30AC1-22E2-496F-A489-56F1B8FD3994}"
EndProject
Project("{2150E333-8FDC-42A3-9474-1A3956D46DE8}") = "Domain", "Domain", "{14E66274-5919-424C-B970-AC2B51D60D14}"
EndProject
Project("{2150E333-8FDC-42A3-9474-1A3956D46DE8}") = "Application", "Application", "{8911E098-4445-4FC4-9BE1-115B2CD102E3}"
EndProject
Project("{2150E333-8FDC-42A3-9474-1A3956D46DE8}") = "Presentation", "Presentation", "{DDEB25B5-AD91-4297-99CB-F4759B8DAB22}"
EndProject
Project("{2150E333-8FDC-42A3-9474-1A3956D46DE8}") = "Infrastructure", "Infrastructure", "{FE04BBDE-36A7-4F3C-8E74-F544A4C91E5B}"
EndProject
Project("{9A19103F-16F7-4668-BE54-9A1E7A4F7556}") = "User.Application", "src\services\Users\User.Application\User.Application.csproj", "{798A8D6C-7979-42B9-9204-51B0FD157C5C}"
EndProject
Project("{9A19103F-16F7-4668-BE54-9A1E7A4F7556}") = "User.Domain", "src\services\Users\User.Domain\User.Domain.csproj", "{B406F628-4489-4B81-B363-931A38B79D54}"
EndProject
Project("{9A19103F-16F7-4668-BE54-9A1E7A4F7556}") = "User.Infrastructure", "src\services\Users\User.Infrastructure\User.Infrastructure.csproj", "{A3BFE6A8-F196-4920-A9AE-633BFE7EEF64}"
EndProject
Project("{9A19103F-16F7-4668-BE54-9A1E7A4F7556}") = "User.Api", "src\services\Users\User.Api\User.Api.csproj", "{7F2E1471-B8B8-4C2B-B44D-A4A72CA89541}"
EndProject
Project("{2150E333-8FDC-42A3-9474-1A3956D46DE8}") = "Post", "Post", "{E31FCB6F-A00E-4811-97CC-FDCD41B0FCE8}"
EndProject
Project("{FAE04EC0-301F-11D3-BF4B-00C04F79EFBC}") = "Post.Api", "src\services\Post\Post.Api\Post.Api.csproj", "{3509B698-0F34-4BB0-AB7E-793072F154E5}"
EndProject
Global
	GlobalSection(SolutionConfigurationPlatforms) = preSolution
		Debug|Any CPU = Debug|Any CPU
		Release|Any CPU = Release|Any CPU
	EndGlobalSection
	GlobalSection(ProjectConfigurationPlatforms) = postSolution
		{798A8D6C-7979-42B9-9204-51B0FD157C5C}.Debug|Any CPU.ActiveCfg = Debug|Any CPU
		{798A8D6C-7979-42B9-9204-51B0FD157C5C}.Debug|Any CPU.Build.0 = Debug|Any CPU
		{798A8D6C-7979-42B9-9204-51B0FD157C5C}.Release|Any CPU.ActiveCfg = Release|Any CPU
		{798A8D6C-7979-42B9-9204-51B0FD157C5C}.Release|Any CPU.Build.0 = Release|Any CPU
		{B406F628-4489-4B81-B363-931A38B79D54}.Debug|Any CPU.ActiveCfg = Debug|Any CPU
		{B406F628-4489-4B81-B363-931A38B79D54}.Debug|Any CPU.Build.0 = Debug|Any CPU
		{B406F628-4489-4B81-B363-931A38B79D54}.Release|Any CPU.ActiveCfg = Release|Any CPU
		{B406F628-4489-4B81-B363-931A38B79D54}.Release|Any CPU.Build.0 = Release|Any CPU
		{A3BFE6A8-F196-4920-A9AE-633BFE7EEF64}.Debug|Any CPU.ActiveCfg = Debug|Any CPU
		{A3BFE6A8-F196-4920-A9AE-633BFE7EEF64}.Debug|Any CPU.Build.0 = Debug|Any CPU
		{A3BFE6A8-F196-4920-A9AE-633BFE7EEF64}.Release|Any CPU.ActiveCfg = Release|Any CPU
		{A3BFE6A8-F196-4920-A9AE-633BFE7EEF64}.Release|Any CPU.Build.0 = Release|Any CPU
		{7F2E1471-B8B8-4C2B-B44D-A4A72CA89541}.Debug|Any CPU.ActiveCfg = Debug|Any CPU
		{7F2E1471-B8B8-4C2B-B44D-A4A72CA89541}.Debug|Any CPU.Build.0 = Debug|Any CPU
		{7F2E1471-B8B8-4C2B-B44D-A4A72CA89541}.Release|Any CPU.ActiveCfg = Release|Any CPU
		{7F2E1471-B8B8-4C2B-B44D-A4A72CA89541}.Release|Any CPU.Build.0 = Release|Any CPU
		{3509B698-0F34-4BB0-AB7E-793072F154E5}.Debug|Any CPU.ActiveCfg = Debug|Any CPU
		{3509B698-0F34-4BB0-AB7E-793072F154E5}.Debug|Any CPU.Build.0 = Debug|Any CPU
		{3509B698-0F34-4BB0-AB7E-793072F154E5}.Release|Any CPU.ActiveCfg = Release|Any CPU
		{3509B698-0F34-4BB0-AB7E-793072F154E5}.Release|Any CPU.Build.0 = Release|Any CPU
	EndGlobalSection
	GlobalSection(SolutionProperties) = preSolution
		HideSolutionNode = FALSE
	EndGlobalSection
	GlobalSection(NestedProjects) = preSolution
		{99584AE2-E0BD-4582-8287-BFD9C546AF39} = {A1DC1E68-00B8-42F5-A895-0473D8076DCB}
		{57A30AC1-22E2-496F-A489-56F1B8FD3994} = {99584AE2-E0BD-4582-8287-BFD9C546AF39}
		{14E66274-5919-424C-B970-AC2B51D60D14} = {57A30AC1-22E2-496F-A489-56F1B8FD3994}
		{8911E098-4445-4FC4-9BE1-115B2CD102E3} = {57A30AC1-22E2-496F-A489-56F1B8FD3994}
		{DDEB25B5-AD91-4297-99CB-F4759B8DAB22} = {57A30AC1-22E2-496F-A489-56F1B8FD3994}
		{FE04BBDE-36A7-4F3C-8E74-F544A4C91E5B} = {57A30AC1-22E2-496F-A489-56F1B8FD3994}
		{798A8D6C-7979-42B9-9204-51B0FD157C5C} = {8911E098-4445-4FC4-9BE1-115B2CD102E3}
		{B406F628-4489-4B81-B363-931A38B79D54} = {14E66274-5919-424C-B970-AC2B51D60D14}
		{A3BFE6A8-F196-4920-A9AE-633BFE7EEF64} = {FE04BBDE-36A7-4F3C-8E74-F544A4C91E5B}
		{7F2E1471-B8B8-4C2B-B44D-A4A72CA89541} = {DDEB25B5-AD91-4297-99CB-F4759B8DAB22}
		{E31FCB6F-A00E-4811-97CC-FDCD41B0FCE8} = {99584AE2-E0BD-4582-8287-BFD9C546AF39}
		{3509B698-0F34-4BB0-AB7E-793072F154E5} = {E31FCB6F-A00E-4811-97CC-FDCD41B0FCE8}
	EndGlobalSection
	GlobalSection(ExtensibilityGlobals) = postSolution
		SolutionGuid = {FE60D617-3104-4490-874F-A9E397043504}
	EndGlobalSection
EndGlobal
